
Microsoft Visual Studio Solution File, Format Version 12.00
# Visual Studio Version 17
VisualStudioVersion = 17.13.35931.197 d17.13
MinimumVisualStudioVersion = 10.0.40219.1
Project("{FAE04EC0-301F-11D3-BF4B-00C04F79EFBC}") = "testing_task_Accent", "testing_task_Accent\testing_task_Accent.csproj", "{1793C1DD-87A0-4B2D-AA14-147EB66C29DE}"
EndProject
Global
	GlobalSection(SolutionConfigurationPlatforms) = preSolution
		Debug|Any CPU = Debug|Any CPU
		Release|Any CPU = Release|Any CPU
	EndGlobalSection
	GlobalSection(ProjectConfigurationPlatforms) = postSolution
		{1793C1DD-87A0-4B2D-AA14-147EB66C29DE}.Debug|Any CPU.ActiveCfg = Debug|Any CPU
		{1793C1DD-87A0-4B2D-AA14-147EB66C29DE}.Debug|Any CPU.Build.0 = Debug|Any CPU
		{1793C1DD-87A0-4B2D-AA14-147EB66C29DE}.Release|Any CPU.ActiveCfg = Release|Any CPU
		{1793C1DD-87A0-4B2D-AA14-147EB66C29DE}.Release|Any CPU.Build.0 = Release|Any CPU
	EndGlobalSection
	GlobalSection(SolutionProperties) = preSolution
		HideSolutionNode = FALSE
	EndGlobalSection
	GlobalSection(ExtensibilityGlobals) = postSolution
		SolutionGuid = {85197545-F7D6-40C6-B2A2-94FF93234EEB}
	EndGlobalSection
EndGlobal
